# Generated by pub
# See https://www.dartlang.org/tools/pub/glossary#lockfile
packages:
  bloc:
    dependency: transitive
    description:
      name: bloc
      url: "https://pub.dartlang.org"
    source: hosted
    version: "0.13.0"
  collection:
    dependency: transitive
    description:
      name: collection
      url: "https://pub.dartlang.org"
    source: hosted
    version: "1.14.11"
  flutter_bloc:
    dependency: "direct main"
    description:
      path: "packages/flutter_bloc"
      ref: HEAD
      resolved-ref: "3976bbc897698d796551489899c330978cb819d5"
      url: "https://github.com/OriontheCat/bloc"
    source: git
    version: "0.13.0"
  flutter_web:
    dependency: "direct main"
    description:
      path: "packages/flutter_web"
      ref: HEAD
      resolved-ref: e2728abe0058d8a268881d82061d81e0171bbe86
      url: "https://github.com/flutter/flutter_web"
    source: git
    version: "0.0.0"
  flutter_web_ui:
    dependency: "direct main"
    description:
      path: "packages/flutter_web_ui"
      ref: HEAD
      resolved-ref: e2728abe0058d8a268881d82061d81e0171bbe86
      url: "https://github.com/flutter/flutter_web"
    source: git
    version: "0.0.0"
  intl:
    dependency: transitive
    description:
      name: intl
      url: "https://pub.dartlang.org"
    source: hosted
    version: "0.15.8"
  meta:
    dependency: transitive
    description:
      name: meta
      url: "https://pub.dartlang.org"
    source: hosted
    version: "1.1.6"
  path:
    dependency: transitive
    description:
      name: path
      url: "https://pub.dartlang.org"
    source: hosted
    version: "1.6.2"
  rxdart:
    dependency: transitive
    description:
      name: rxdart
      url: "https://pub.dartlang.org"
    source: hosted
    version: "0.22.0"
  typed_data:
    dependency: transitive
    description:
      name: typed_data
      url: "https://pub.dartlang.org"
    source: hosted
    version: "1.1.6"
  vector_math:
    dependency: transitive
    description:
      name: vector_math
      url: "https://pub.dartlang.org"
    source: hosted
    version: "2.0.8"
sdks:
  dart: ">=2.1.0 <3.0.0"
